
Microsoft Visual Studio Solution File, Format Version 12.00
# Visual Studio Version 17
VisualStudioVersion = 17.8.34511.84
MinimumVisualStudioVersion = 10.0.40219.1
Project("{FAE04EC0-301F-11D3-BF4B-00C04F79EFBC}") = "Porvanyi tuz.Android", "Porvanyi tuz\Porvanyi tuz.Android\Porvanyi tuz.Android.csproj", "{CA3C4E75-42D6-4DDE-ACD0-C390056D7B9B}"
EndProject
Project("{FAE04EC0-301F-11D3-BF4B-00C04F79EFBC}") = "Porvanyi tuz", "Porvanyi tuz\Porvanyi tuz\Porvanyi tuz.csproj", "{88198AE1-C221-45C3-8365-CBDB424C31A2}"
EndProject
Global
	GlobalSection(SolutionConfigurationPlatforms) = preSolution
		Debug|Any CPU = Debug|Any CPU
		Release|Any CPU = Release|Any CPU
	EndGlobalSection
	GlobalSection(ProjectConfigurationPlatforms) = postSolution
		{CA3C4E75-42D6-4DDE-ACD0-C390056D7B9B}.Debug|Any CPU.ActiveCfg = Debug|Any CPU
		{CA3C4E75-42D6-4DDE-ACD0-C390056D7B9B}.Debug|Any CPU.Build.0 = Debug|Any CPU
		{CA3C4E75-42D6-4DDE-ACD0-C390056D7B9B}.Debug|Any CPU.Deploy.0 = Debug|Any CPU
		{CA3C4E75-42D6-4DDE-ACD0-C390056D7B9B}.Release|Any CPU.ActiveCfg = Release|Any CPU
		{CA3C4E75-42D6-4DDE-ACD0-C390056D7B9B}.Release|Any CPU.Build.0 = Release|Any CPU
		{CA3C4E75-42D6-4DDE-ACD0-C390056D7B9B}.Release|Any CPU.Deploy.0 = Release|Any CPU
		{88198AE1-C221-45C3-8365-CBDB424C31A2}.Debug|Any CPU.ActiveCfg = Debug|Any CPU
		{88198AE1-C221-45C3-8365-CBDB424C31A2}.Debug|Any CPU.Build.0 = Debug|Any CPU
		{88198AE1-C221-45C3-8365-CBDB424C31A2}.Release|Any CPU.ActiveCfg = Release|Any CPU
		{88198AE1-C221-45C3-8365-CBDB424C31A2}.Release|Any CPU.Build.0 = Release|Any CPU
	EndGlobalSection
	GlobalSection(SolutionProperties) = preSolution
		HideSolutionNode = FALSE
	EndGlobalSection
	GlobalSection(ExtensibilityGlobals) = postSolution
		SolutionGuid = {F2834B3B-F67E-460F-8424-1AB4DCB3C591}
	EndGlobalSection
EndGlobal
